
Microsoft Visual Studio Solution File, Format Version 12.00
# Visual Studio Version 16
VisualStudioVersion = 16.0.30002.166
MinimumVisualStudioVersion = 15.0.26124.0
Project("{6EC3EE1D-3C4E-46DD-8F32-0CC8E7565705}") = "FSharpML", "src\FSharpML\FSharpML.fsproj", "{6543BA25-2D61-4CE2-832D-C48D101260E8}"
EndProject
Project("{2150E333-8FDC-42A3-9474-1A3956D46DE8}") = "ProjectItems", "ProjectItems", "{54B22240-AAA3-4052-A522-020F461BA9AB}"
	ProjectSection(SolutionItems) = preProject
		build.fsx = build.fsx
		fake.cmd = fake.cmd
		paket.dependencies = paket.dependencies
	EndProjectSection
EndProject
Project("{2150E333-8FDC-42A3-9474-1A3956D46DE8}") = "docsrc", "docsrc", "{475C3CEC-3066-45A6-9341-00F77484CF2A}"
	ProjectSection(SolutionItems) = preProject
		docsrc\tools\formatters.fsx = docsrc\tools\formatters.fsx
		docsrc\tools\generate.fsx = docsrc\tools\generate.fsx
		docsrc\tools\templates\template.cshtml = docsrc\tools\templates\template.cshtml
	EndProjectSection
EndProject
Project("{2150E333-8FDC-42A3-9474-1A3956D46DE8}") = "content", "content", "{CCC2EF1F-AF10-4834-8D99-C504E7020148}"
	ProjectSection(SolutionItems) = preProject
		docsrc\content\index.fsx = docsrc\content\index.fsx
	EndProjectSection
EndProject
Global
	GlobalSection(SolutionConfigurationPlatforms) = preSolution
		Debug|Any CPU = Debug|Any CPU
		Debug|x64 = Debug|x64
		Debug|x86 = Debug|x86
		Release|Any CPU = Release|Any CPU
		Release|x64 = Release|x64
		Release|x86 = Release|x86
	EndGlobalSection
	GlobalSection(ProjectConfigurationPlatforms) = postSolution
		{6543BA25-2D61-4CE2-832D-C48D101260E8}.Debug|Any CPU.ActiveCfg = Debug|Any CPU
		{6543BA25-2D61-4CE2-832D-C48D101260E8}.Debug|Any CPU.Build.0 = Debug|Any CPU
		{6543BA25-2D61-4CE2-832D-C48D101260E8}.Debug|x64.ActiveCfg = Debug|Any CPU
		{6543BA25-2D61-4CE2-832D-C48D101260E8}.Debug|x64.Build.0 = Debug|Any CPU
		{6543BA25-2D61-4CE2-832D-C48D101260E8}.Debug|x86.ActiveCfg = Debug|Any CPU
		{6543BA25-2D61-4CE2-832D-C48D101260E8}.Debug|x86.Build.0 = Debug|Any CPU
		{6543BA25-2D61-4CE2-832D-C48D101260E8}.Release|Any CPU.ActiveCfg = Release|Any CPU
		{6543BA25-2D61-4CE2-832D-C48D101260E8}.Release|Any CPU.Build.0 = Release|Any CPU
		{6543BA25-2D61-4CE2-832D-C48D101260E8}.Release|x64.ActiveCfg = Release|Any CPU
		{6543BA25-2D61-4CE2-832D-C48D101260E8}.Release|x64.Build.0 = Release|Any CPU
		{6543BA25-2D61-4CE2-832D-C48D101260E8}.Release|x86.ActiveCfg = Release|Any CPU
		{6543BA25-2D61-4CE2-832D-C48D101260E8}.Release|x86.Build.0 = Release|Any CPU
	EndGlobalSection
	GlobalSection(SolutionProperties) = preSolution
		HideSolutionNode = FALSE
	EndGlobalSection
	GlobalSection(NestedProjects) = preSolution
		{CCC2EF1F-AF10-4834-8D99-C504E7020148} = {475C3CEC-3066-45A6-9341-00F77484CF2A}
	EndGlobalSection
	GlobalSection(ExtensibilityGlobals) = postSolution
		SolutionGuid = {7659C331-5295-4C90-8C8E-9407E77EED47}
	EndGlobalSection
EndGlobal
